
Microsoft Visual Studio Solution File, Format Version 12.00
# Visual Studio Version 16
VisualStudioVersion = 16.0.29215.179
MinimumVisualStudioVersion = 10.0.40219.1
Project("{FAE04EC0-301F-11D3-BF4B-00C04F79EFBC}") = "Tong.ArcFace", "Tong.ArcFace\Tong.ArcFace.csproj", "{705BEA05-B9FC-4606-BB6C-DC8AAC1645D0}"
EndProject
Project("{FAE04EC0-301F-11D3-BF4B-00C04F79EFBC}") = "Tong.ArcFaceSample", "Tong.ArcFaceSample\Tong.ArcFaceSample.csproj", "{BF37DC2D-A35B-446B-B855-10F91BD307D0}"
EndProject
Project("{FAE04EC0-301F-11D3-BF4B-00C04F79EFBC}") = "Tong.OpencvsharpTest", "Tong.OpencvsharpTest\Tong.OpencvsharpTest.csproj", "{FF321943-0A61-4E54-9D4B-2C852B03FD60}"
EndProject
Global
	GlobalSection(SolutionConfigurationPlatforms) = preSolution
		Debug|Any CPU = Debug|Any CPU
		Release|Any CPU = Release|Any CPU
	EndGlobalSection
	GlobalSection(ProjectConfigurationPlatforms) = postSolution
		{705BEA05-B9FC-4606-BB6C-DC8AAC1645D0}.Debug|Any CPU.ActiveCfg = Debug|Any CPU
		{705BEA05-B9FC-4606-BB6C-DC8AAC1645D0}.Debug|Any CPU.Build.0 = Debug|Any CPU
		{705BEA05-B9FC-4606-BB6C-DC8AAC1645D0}.Release|Any CPU.ActiveCfg = Release|Any CPU
		{705BEA05-B9FC-4606-BB6C-DC8AAC1645D0}.Release|Any CPU.Build.0 = Release|Any CPU
		{BF37DC2D-A35B-446B-B855-10F91BD307D0}.Debug|Any CPU.ActiveCfg = Debug|Any CPU
		{BF37DC2D-A35B-446B-B855-10F91BD307D0}.Debug|Any CPU.Build.0 = Debug|Any CPU
		{BF37DC2D-A35B-446B-B855-10F91BD307D0}.Release|Any CPU.ActiveCfg = Release|Any CPU
		{BF37DC2D-A35B-446B-B855-10F91BD307D0}.Release|Any CPU.Build.0 = Release|Any CPU
		{FF321943-0A61-4E54-9D4B-2C852B03FD60}.Debug|Any CPU.ActiveCfg = Debug|Any CPU
		{FF321943-0A61-4E54-9D4B-2C852B03FD60}.Debug|Any CPU.Build.0 = Debug|Any CPU
		{FF321943-0A61-4E54-9D4B-2C852B03FD60}.Release|Any CPU.ActiveCfg = Release|Any CPU
		{FF321943-0A61-4E54-9D4B-2C852B03FD60}.Release|Any CPU.Build.0 = Release|Any CPU
	EndGlobalSection
	GlobalSection(SolutionProperties) = preSolution
		HideSolutionNode = FALSE
	EndGlobalSection
	GlobalSection(ExtensibilityGlobals) = postSolution
		SolutionGuid = {B410F2C0-FBDE-4ADE-B2DF-7E7EDC5FF107}
	EndGlobalSection
EndGlobal
